// !$*UTF8*$!
{
	archiveVersion = 1;
	classes = {
	};
	objectVersion = 56;
	objects = {

/* Begin PBXBuildFile section */
		2B00000000000000000000D1 /* LexisApp.swift in Sources */ = {isa = PBXBuildFile; fileRef = 2B0000000000000000000061 /* LexisApp.swift */; };
		2B00000000000000000000D2 /* Schema.swift in Sources */ = {isa = PBXBuildFile; fileRef = 2B0000000000000000000062 /* Schema.swift */; };
		2B00000000000000000000D3 /* AppSettings.swift in Sources */ = {isa = PBXBuildFile; fileRef = 2B0000000000000000000063 /* AppSettings.swift */; };
		2B00000000000000000000D4 /* KeychainStore.swift in Sources */ = {isa = PBXBuildFile; fileRef = 2B0000000000000000000064 /* KeychainStore.swift */; };
		2B00000000000000000000D5 /* KeyValidator.swift in Sources */ = {isa = PBXBuildFile; fileRef = 2B0000000000000000000065 /* KeyValidator.swift */; };
		2B00000000000000000000D6 /* LibraryView.swift in Sources */ = {isa = PBXBuildFile; fileRef = 2B0000000000000000000066 /* LibraryView.swift */; };
		2B00000000000000000000D7 /* OnboardingSheet.swift in Sources */ = {isa = PBXBuildFile; fileRef = 2B0000000000000000000067 /* OnboardingSheet.swift */; };
		2B00000000000000000000D8 /* SettingsView.swift in Sources */ = {isa = PBXBuildFile; fileRef = 2B0000000000000000000068 /* SettingsView.swift */; };
		2B00000000000000000000D9 /* LexisError.swift in Sources */ = {isa = PBXBuildFile; fileRef = 2B0000000000000000000069 /* LexisError.swift */; };
/* End PBXBuildFile section */

/* Begin PBXFileReference section */
		2B0000000000000000000051 /* Lexis.app */ = {isa = PBXFileReference; explicitFileType = wrapper.application; includeInIndex = 0; path = Lexis.app; sourceTree = BUILT_PRODUCTS_DIR; };
		2B0000000000000000000061 /* LexisApp.swift */ = {isa = PBXFileReference; lastKnownFileType = sourcecode.swift; path = LexisApp.swift; sourceTree = "<group>"; };
		2B0000000000000000000062 /* Schema.swift */ = {isa = PBXFileReference; lastKnownFileType = sourcecode.swift; path = Schema.swift; sourceTree = "<group>"; };
		2B0000000000000000000063 /* AppSettings.swift */ = {isa = PBXFileReference; lastKnownFileType = sourcecode.swift; path = AppSettings.swift; sourceTree = "<group>"; };
		2B0000000000000000000064 /* KeychainStore.swift */ = {isa = PBXFileReference; lastKnownFileType = sourcecode.swift; path = KeychainStore.swift; sourceTree = "<group>"; };
		2B0000000000000000000065 /* KeyValidator.swift */ = {isa = PBXFileReference; lastKnownFileType = sourcecode.swift; path = KeyValidator.swift; sourceTree = "<group>"; };
		2B0000000000000000000066 /* LibraryView.swift */ = {isa = PBXFileReference; lastKnownFileType = sourcecode.swift; path = LibraryView.swift; sourceTree = "<group>"; };
		2B0000000000000000000067 /* OnboardingSheet.swift */ = {isa = PBXFileReference; lastKnownFileType = sourcecode.swift; path = OnboardingSheet.swift; sourceTree = "<group>"; };
		2B0000000000000000000068 /* SettingsView.swift */ = {isa = PBXFileReference; lastKnownFileType = sourcecode.swift; path = SettingsView.swift; sourceTree = "<group>"; };
		2B0000000000000000000069 /* LexisError.swift */ = {isa = PBXFileReference; lastKnownFileType = sourcecode.swift; path = LexisError.swift; sourceTree = "<group>"; };
		2B000000000000000000006A /* Lexis.entitlements */ = {isa = PBXFileReference; lastKnownFileType = text.plist.entitlements; path = Lexis.entitlements; sourceTree = "<group>"; };
/* End PBXFileReference section */

/* Begin PBXFrameworksBuildPhase section */
		2B00000000000000000000B1 /* Frameworks */ = {
			isa = PBXFrameworksBuildPhase;
			buildActionMask = 2147483647;
			files = (
			);
			runOnlyForDeploymentPostprocessing = 0;
		};
/* End PBXFrameworksBuildPhase section */

/* Begin PBXGroup section */
		2B0000000000000000000021 = {
			isa = PBXGroup;
			children = (
				2B0000000000000000000041 /* Lexis */,
				2B0000000000000000000031 /* Products */,
			);
			sourceTree = "<group>";
		};
		2B0000000000000000000031 /* Products */ = {
			isa = PBXGroup;
			children = (
				2B0000000000000000000051 /* Lexis.app */,
			);
			name = Products;
			sourceTree = "<group>";
		};
		2B0000000000000000000041 /* Lexis */ = {
			isa = PBXGroup;
			children = (
				2B0000000000000000000061 /* LexisApp.swift */,
				2B0000000000000000000042 /* Models */,
				2B0000000000000000000043 /* Services */,
				2B0000000000000000000044 /* Library */,
				2B0000000000000000000045 /* Settings */,
				2B0000000000000000000046 /* Support */,
				2B000000000000000000006A /* Lexis.entitlements */,
			);
			path = Lexis;
			sourceTree = "<group>";
		};
		2B0000000000000000000042 /* Models */ = {
			isa = PBXGroup;
			children = (
				2B0000000000000000000062 /* Schema.swift */,
				2B0000000000000000000063 /* AppSettings.swift */,
			);
			path = Models;
			sourceTree = "<group>";
		};
		2B0000000000000000000043 /* Services */ = {
			isa = PBXGroup;
			children = (
				2B0000000000000000000064 /* KeychainStore.swift */,
				2B0000000000000000000065 /* KeyValidator.swift */,
			);
			path = Services;
			sourceTree = "<group>";
		};
		2B0000000000000000000044 /* Library */ = {
			isa = PBXGroup;
			children = (
				2B0000000000000000000066 /* LibraryView.swift */,
			);
			path = Library;
			sourceTree = "<group>";
		};
		2B0000000000000000000045 /* Settings */ = {
			isa = PBXGroup;
			children = (
				2B0000000000000000000067 /* OnboardingSheet.swift */,
				2B0000000000000000000068 /* SettingsView.swift */,
			);
			path = Settings;
			sourceTree = "<group>";
		};
		2B0000000000000000000046 /* Support */ = {
			isa = PBXGroup;
			children = (
				2B0000000000000000000069 /* LexisError.swift */,
			);
			path = Support;
			sourceTree = "<group>";
		};
/* End PBXGroup section */

/* Begin PBXNativeTarget section */
		2B0000000000000000000091 /* Lexis */ = {
			isa = PBXNativeTarget;
			buildConfigurationList = 2B0000000000000000000121 /* Build configuration list for PBXNativeTarget "Lexis" */;
			buildPhases = (
				2B00000000000000000000A1 /* Sources */,
				2B00000000000000000000B1 /* Frameworks */,
				2B00000000000000000000C1 /* Resources */,
			);
			buildRules = (
			);
			dependencies = (
			);
			name = Lexis;
			productName = Lexis;
			productReference = 2B0000000000000000000051 /* Lexis.app */;
			productType = "com.apple.product-type.application";
		};
/* End PBXNativeTarget section */

/* Begin PBXProject section */
		2B0000000000000000000011 /* Project object */ = {
			isa = PBXProject;
			attributes = {
				BuildIndependentTargetsInParallel = 1;
				LastSwiftUpdateCheck = 1530;
				LastUpgradeCheck = 1530;
				TargetAttributes = {
					2B0000000000000000000091 = {
						CreatedOnToolsVersion = 15.3;
					};
				};
			};
			buildConfigurationList = 2B00000000000000000000F1 /* Build configuration list for PBXProject "Lexis" */;
			compatibilityVersion = "Xcode 14.0";
			developmentRegion = en;
			hasScannedForEncodings = 0;
			knownRegions = (
				en,
				Base,
			);
			mainGroup = 2B0000000000000000000021;
			productRefGroup = 2B0000000000000000000031 /* Products */;
			projectDirPath = "";
			projectRoot = "";
			targets = (
				2B0000000000000000000091 /* Lexis */,
			);
		};
/* End PBXProject section */

/* Begin PBXResourcesBuildPhase section */
		2B00000000000000000000C1 /* Resources */ = {
			isa = PBXResourcesBuildPhase;
			buildActionMask = 2147483647;
			files = (
			);
			runOnlyForDeploymentPostprocessing = 0;
		};
/* End PBXResourcesBuildPhase section */

/* Begin PBXSourcesBuildPhase section */
		2B00000000000000000000A1 /* Sources */ = {
			isa = PBXSourcesBuildPhase;
			buildActionMask = 2147483647;
			files = (
				2B00000000000000000000D1 /* LexisApp.swift in Sources */,
				2B00000000000000000000D2 /* Schema.swift in Sources */,
				2B00000000000000000000D3 /* AppSettings.swift in Sources */,
				2B00000000000000000000D4 /* KeychainStore.swift in Sources */,
				2B00000000000000000000D5 /* KeyValidator.swift in Sources */,
				2B00000000000000000000D6 /* LibraryView.swift in Sources */,
				2B00000000000000000000D7 /* OnboardingSheet.swift in Sources */,
				2B00000000000000000000D8 /* SettingsView.swift in Sources */,
				2B00000000000000000000D9 /* LexisError.swift in Sources */,
			);
			runOnlyForDeploymentPostprocessing = 0;
		};
/* End PBXSourcesBuildPhase section */

/* Begin XCBuildConfiguration section */
		2B0000000000000000000101 /* Debug */ = {
			isa = XCBuildConfiguration;
			buildSettings = {
				ALWAYS_SEARCH_USER_PATHS = NO;
				CLANG_ANALYZER_NONNULL = YES;
				CLANG_ENABLE_MODULES = YES;
				CLANG_ENABLE_OBJC_ARC = YES;
				CLANG_WARN_DOCUMENTATION_COMMENTS = YES;
				CODE_SIGN_STYLE = Automatic;
				COPY_PHASE_STRIP = NO;
				DEBUG_INFORMATION_FORMAT = dwarf;
				ENABLE_TESTABILITY = YES;
				GCC_NO_COMMON_BLOCKS = YES;
				GCC_OPTIMIZATION_LEVEL = 0;
				MACOSX_DEPLOYMENT_TARGET = 14.0;
				MTL_ENABLE_DEBUG_INFO = INCLUDE_SOURCE;
				ONLY_ACTIVE_ARCH = YES;
				SDKROOT = macosx;
				SWIFT_ACTIVE_COMPILATION_CONDITIONS = DEBUG;
				SWIFT_OPTIMIZATION_LEVEL = "-Onone";
				SWIFT_VERSION = 5.0;
			};
			name = Debug;
		};
		2B0000000000000000000111 /* Release */ = {
			isa = XCBuildConfiguration;
			buildSettings = {
				ALWAYS_SEARCH_USER_PATHS = NO;
				CLANG_ANALYZER_NONNULL = YES;
				CLANG_ENABLE_MODULES = YES;
				CLANG_ENABLE_OBJC_ARC = YES;
				CLANG_WARN_DOCUMENTATION_COMMENTS = YES;
				CODE_SIGN_STYLE = Automatic;
				COPY_PHASE_STRIP = NO;
				DEBUG_INFORMATION_FORMAT = "dwarf-with-dsym";
				ENABLE_NS_ASSERTIONS = NO;
				GCC_NO_COMMON_BLOCKS = YES;
				MACOSX_DEPLOYMENT_TARGET = 14.0;
				MTL_ENABLE_DEBUG_INFO = NO;
				SDKROOT = macosx;
				SWIFT_COMPILATION_MODE = wholemodule;
				SWIFT_VERSION = 5.0;
			};
			name = Release;
		};
		2B0000000000000000000131 /* Debug */ = {
			isa = XCBuildConfiguration;
			buildSettings = {
				ASSETCATALOG_COMPILER_GENERATE_SWIFT_ASSET_SYMBOL_EXTENSIONS = YES;
				CODE_SIGN_ENTITLEMENTS = Lexis/Lexis.entitlements;
				CODE_SIGN_STYLE = Automatic;
				COMBINE_HIDPI_IMAGES = YES;
				CURRENT_PROJECT_VERSION = 1;
				ENABLE_PREVIEWS = YES;
				GENERATE_INFOPLIST_FILE = YES;
				INFOPLIST_KEY_LSApplicationCategoryType = "public.app-category.education";
				INFOPLIST_KEY_NSHumanReadableCopyright = "";
				LD_RUNPATH_SEARCH_PATHS = (
					"$(inherited)",
					"@executable_path/../Frameworks",
				);
				MARKETING_VERSION = 1.0;
				PRODUCT_BUNDLE_IDENTIFIER = "com.aboooooo57.lexis";
				PRODUCT_NAME = "$(TARGET_NAME)";
				SWIFT_EMIT_LOC_STRINGS = YES;
				SWIFT_VERSION = 5.0;
			};
			name = Debug;
		};
		2B0000000000000000000141 /* Release */ = {
			isa = XCBuildConfiguration;
			buildSettings = {
				ASSETCATALOG_COMPILER_GENERATE_SWIFT_ASSET_SYMBOL_EXTENSIONS = YES;
				CODE_SIGN_ENTITLEMENTS = Lexis/Lexis.entitlements;
				CODE_SIGN_STYLE = Automatic;
				COMBINE_HIDPI_IMAGES = YES;
				CURRENT_PROJECT_VERSION = 1;
				ENABLE_PREVIEWS = YES;
				GENERATE_INFOPLIST_FILE = YES;
				INFOPLIST_KEY_LSApplicationCategoryType = "public.app-category.education";
				INFOPLIST_KEY_NSHumanReadableCopyright = "";
				LD_RUNPATH_SEARCH_PATHS = (
					"$(inherited)",
					"@executable_path/../Frameworks",
				);
				MARKETING_VERSION = 1.0;
				PRODUCT_BUNDLE_IDENTIFIER = "com.aboooooo57.lexis";
				PRODUCT_NAME = "$(TARGET_NAME)";
				SWIFT_EMIT_LOC_STRINGS = YES;
				SWIFT_VERSION = 5.0;
			};
			name = Release;
		};
/* End XCBuildConfiguration section */

/* Begin XCConfigurationList section */
		2B00000000000000000000F1 /* Build configuration list for PBXProject "Lexis" */ = {
			isa = XCConfigurationList;
			buildConfigurations = (
				2B0000000000000000000101 /* Debug */,
				2B0000000000000000000111 /* Release */,
			);
			defaultConfigurationIsVisible = 0;
			defaultConfigurationName = Release;
		};
		2B0000000000000000000121 /* Build configuration list for PBXNativeTarget "Lexis" */ = {
			isa = XCConfigurationList;
			buildConfigurations = (
				2B0000000000000000000131 /* Debug */,
				2B0000000000000000000141 /* Release */,
			);
			defaultConfigurationIsVisible = 0;
			defaultConfigurationName = Release;
		};
/* End XCConfigurationList section */
	};
	rootObject = 2B0000000000000000000011 /* Project object */;
}
